<?xml version="1.0" encoding="utf-8"?>
<Project ToolsVersion="4.0" xmlns="http://schemas.microsoft.com/developer/msbuild/2003">
  <ItemGroup>
    <Filter Include="소스 파일">
      <UniqueIdentifier>{4FC737F1-C7A5-4376-A066-2A32D752A2FF}</UniqueIdentifier>
      <Extensions>cpp;c;cc;cxx;c++;cppm;ixx;def;odl;idl;hpj;bat;asm;asmx</Extensions>
    </Filter>
    <Filter Include="헤더 파일">
      <UniqueIdentifier>{93995380-89BD-4b04-88EB-625FBE52EBFB}</UniqueIdentifier>
      <Extensions>h;hh;hpp;hxx;h++;hm;inl;inc;ipp;xsd</Extensions>
    </Filter>
    <Filter Include="리소스 파일">
      <UniqueIdentifier>{67DA6AB6-F800-4c08-8B7A-83BB121AAD01}</UniqueIdentifier>
      <Extensions>rc;ico;cur;bmp;dlg;rc2;rct;bin;rgs;gif;jpg;jpeg;jpe;resx;tiff;tif;png;wav;mfcribbon-ms</Extensions>
    </Filter>
    <Filter Include="소스 파일\player">
      <UniqueIdentifier>{3aab847d-a760-4e2a-955d-8b852d12775a}</UniqueIdentifier>
    </Filter>
    <Filter Include="헤더 파일\player">
      <UniqueIdentifier>{90a36b7d-2893-49c1-8010-afc70a964637}</UniqueIdentifier>
    </Filter>
    <Filter Include="소스 파일\utility">
      <UniqueIdentifier>{a6fdb465-3cfd-45dc-8712-21701744f049}</UniqueIdentifier>
    </Filter>
    <Filter Include="헤더 파일\utility">
      <UniqueIdentifier>{a925a7e9-e17d-4a39-8a42-5b53625046d7}</UniqueIdentifier>
    </Filter>
    <Filter Include="소스 파일\game">
      <UniqueIdentifier>{9d51d37c-9860-4a4c-9f7c-d9e39f44cf3c}</UniqueIdentifier>
    </Filter>
    <Filter Include="소스 파일\game\dice">
      <UniqueIdentifier>{ae827586-9134-45a4-b873-20d1e7cf4d57}</UniqueIdentifier>
    </Filter>
    <Filter Include="헤더 파일\game">
      <UniqueIdentifier>{2084cdb1-12e1-4268-9046-4155f3c4871a}</UniqueIdentifier>
    </Filter>
    <Filter Include="헤더 파일\game\dice">
      <UniqueIdentifier>{3dcd5c1a-51ff-4706-990f-20b8c18a6a8b}</UniqueIdentifier>
    </Filter>
  </ItemGroup>
  <ItemGroup>
    <ClCompile Include="main.c">
      <Filter>소스 파일</Filter>
    </ClCompile>
    <ClCompile Include="player.c">
      <Filter>소스 파일\player</Filter>
    </ClCompile>
    <ClCompile Include="random_generator.c">
      <Filter>소스 파일\utility</Filter>
    </ClCompile>
    <ClCompile Include="dice_game.c">
      <Filter>소스 파일\game\dice</Filter>
    </ClCompile>
  </ItemGroup>
  <ItemGroup>
    <ClInclude Include="player.h">
      <Filter>헤더 파일\player</Filter>
    </ClInclude>
    <ClInclude Include="random_generator.h">
      <Filter>헤더 파일\utility</Filter>
    </ClInclude>
    <ClInclude Include="dice_game.h">
      <Filter>헤더 파일\game\dice</Filter>
    </ClInclude>
  </ItemGroup>
</Project>