
Microsoft Visual Studio Solution File, Format Version 12.00
# Visual Studio Version 17
VisualStudioVersion = 17.7.34221.43
MinimumVisualStudioVersion = 10.0.40219.1
Project("{8BC9CEB8-8B4A-11D0-8D11-00A0C91BC942}") = "homework3", "homework3\homework3.vcxproj", "{A920B5C0-8D4E-4490-81AE-A5E69A3C3EE9}"
EndProject
Project("{8BC9CEB8-8B4A-11D0-8D11-00A0C91BC942}") = "third", "..\..\..\third\third\third.vcxproj", "{DCDF5CBA-58A2-44A0-A323-17090FF91877}"
EndProject
Global
	GlobalSection(SolutionConfigurationPlatforms) = preSolution
		Debug|x64 = Debug|x64
		Debug|x86 = Debug|x86
		Release|x64 = Release|x64
		Release|x86 = Release|x86
	EndGlobalSection
	GlobalSection(ProjectConfigurationPlatforms) = postSolution
		{A920B5C0-8D4E-4490-81AE-A5E69A3C3EE9}.Debug|x64.ActiveCfg = Debug|x64
		{A920B5C0-8D4E-4490-81AE-A5E69A3C3EE9}.Debug|x64.Build.0 = Debug|x64
		{A920B5C0-8D4E-4490-81AE-A5E69A3C3EE9}.Debug|x86.ActiveCfg = Debug|Win32
		{A920B5C0-8D4E-4490-81AE-A5E69A3C3EE9}.Debug|x86.Build.0 = Debug|Win32
		{A920B5C0-8D4E-4490-81AE-A5E69A3C3EE9}.Release|x64.ActiveCfg = Release|x64
		{A920B5C0-8D4E-4490-81AE-A5E69A3C3EE9}.Release|x64.Build.0 = Release|x64
		{A920B5C0-8D4E-4490-81AE-A5E69A3C3EE9}.Release|x86.ActiveCfg = Release|Win32
		{A920B5C0-8D4E-4490-81AE-A5E69A3C3EE9}.Release|x86.Build.0 = Release|Win32
		{DCDF5CBA-58A2-44A0-A323-17090FF91877}.Debug|x64.ActiveCfg = Debug|x64
		{DCDF5CBA-58A2-44A0-A323-17090FF91877}.Debug|x64.Build.0 = Debug|x64
		{DCDF5CBA-58A2-44A0-A323-17090FF91877}.Debug|x86.ActiveCfg = Debug|Win32
		{DCDF5CBA-58A2-44A0-A323-17090FF91877}.Debug|x86.Build.0 = Debug|Win32
		{DCDF5CBA-58A2-44A0-A323-17090FF91877}.Release|x64.ActiveCfg = Release|x64
		{DCDF5CBA-58A2-44A0-A323-17090FF91877}.Release|x64.Build.0 = Release|x64
		{DCDF5CBA-58A2-44A0-A323-17090FF91877}.Release|x86.ActiveCfg = Release|Win32
		{DCDF5CBA-58A2-44A0-A323-17090FF91877}.Release|x86.Build.0 = Release|Win32
	EndGlobalSection
	GlobalSection(SolutionProperties) = preSolution
		HideSolutionNode = FALSE
	EndGlobalSection
	GlobalSection(ExtensibilityGlobals) = postSolution
		SolutionGuid = {34217323-CF89-4488-8346-7C2C7C647D83}
	EndGlobalSection
EndGlobal
