<?xml version="1.0" encoding="utf-8"?>
<Project ToolsVersion="4.0" xmlns="http://schemas.microsoft.com/developer/msbuild/2003">
  <ItemGroup>
    <Filter Include="소스 파일">
      <UniqueIdentifier>{4FC737F1-C7A5-4376-A066-2A32D752A2FF}</UniqueIdentifier>
      <Extensions>cpp;c;cc;cxx;c++;cppm;ixx;def;odl;idl;hpj;bat;asm;asmx</Extensions>
    </Filter>
    <Filter Include="헤더 파일">
      <UniqueIdentifier>{93995380-89BD-4b04-88EB-625FBE52EBFB}</UniqueIdentifier>
      <Extensions>h;hh;hpp;hxx;h++;hm;inl;inc;ipp;xsd</Extensions>
    </Filter>
    <Filter Include="리소스 파일">
      <UniqueIdentifier>{67DA6AB6-F800-4c08-8B7A-83BB121AAD01}</UniqueIdentifier>
      <Extensions>rc;ico;cur;bmp;dlg;rc2;rct;bin;rgs;gif;jpg;jpeg;jpe;resx;tiff;tif;png;wav;mfcribbon-ms</Extensions>
    </Filter>
    <Filter Include="소스 파일\utility">
      <UniqueIdentifier>{299d75e4-cebe-476d-8498-24365456edad}</UniqueIdentifier>
    </Filter>
    <Filter Include="헤더 파일\utility">
      <UniqueIdentifier>{bc2da685-7eea-4d37-931c-997f391560ea}</UniqueIdentifier>
    </Filter>
    <Filter Include="소스 파일\game">
      <UniqueIdentifier>{4672fdfe-dfd7-4427-8221-c5eba9f52097}</UniqueIdentifier>
    </Filter>
    <Filter Include="소스 파일\game\dice">
      <UniqueIdentifier>{df224692-82cc-457d-b753-0f691eca4dfa}</UniqueIdentifier>
    </Filter>
    <Filter Include="헤더 파일\game">
      <UniqueIdentifier>{59b4d160-4a6c-486c-8c60-d0a420c59338}</UniqueIdentifier>
    </Filter>
    <Filter Include="헤더 파일\game\dice">
      <UniqueIdentifier>{222db295-ff83-4eef-86de-c67e84a0c95f}</UniqueIdentifier>
    </Filter>
    <Filter Include="소스 파일\game\player">
      <UniqueIdentifier>{cf11baf1-5368-4e70-ba51-fb93ed9147ff}</UniqueIdentifier>
    </Filter>
    <Filter Include="헤더 파일\game\player">
      <UniqueIdentifier>{4ab3741d-387a-4c51-923e-21e15d26663e}</UniqueIdentifier>
    </Filter>
  </ItemGroup>
  <ItemGroup>
    <ClCompile Include="main.c">
      <Filter>소스 파일</Filter>
    </ClCompile>
    <ClCompile Include="find_even.c">
      <Filter>소스 파일</Filter>
    </ClCompile>
    <ClCompile Include="print_even_adv.c">
      <Filter>소스 파일</Filter>
    </ClCompile>
    <ClCompile Include="print_random.c">
      <Filter>소스 파일</Filter>
    </ClCompile>
    <ClCompile Include="random_generator.c">
      <Filter>소스 파일\utility</Filter>
    </ClCompile>
    <ClCompile Include="dice_game.c">
      <Filter>소스 파일\game\dice</Filter>
    </ClCompile>
    <ClCompile Include="player.c">
      <Filter>소스 파일\game\player</Filter>
    </ClCompile>
  </ItemGroup>
  <ItemGroup>
    <ClInclude Include="print_even.h">
      <Filter>헤더 파일</Filter>
    </ClInclude>
    <ClInclude Include="print_even_adv.h">
      <Filter>헤더 파일</Filter>
    </ClInclude>
    <ClInclude Include="print_random.h">
      <Filter>헤더 파일</Filter>
    </ClInclude>
    <ClInclude Include="random_generator.h">
      <Filter>헤더 파일\utility</Filter>
    </ClInclude>
    <ClInclude Include="dice_game.h">
      <Filter>헤더 파일\game\dice</Filter>
    </ClInclude>
    <ClInclude Include="player.h">
      <Filter>헤더 파일\game\player</Filter>
    </ClInclude>
  </ItemGroup>
</Project>