
Microsoft Visual Studio Solution File, Format Version 12.00
# Visual Studio Version 17
VisualStudioVersion = 17.7.34221.43
MinimumVisualStudioVersion = 10.0.40219.1
Project("{8BC9CEB8-8B4A-11D0-8D11-00A0C91BC942}") = "fifth", "fifth\fifth.vcxproj", "{01FE0C0F-D6DB-4793-8F32-435B60F3D477}"
EndProject
Global
	GlobalSection(SolutionConfigurationPlatforms) = preSolution
		Debug|x64 = Debug|x64
		Debug|x86 = Debug|x86
		Release|x64 = Release|x64
		Release|x86 = Release|x86
	EndGlobalSection
	GlobalSection(ProjectConfigurationPlatforms) = postSolution
		{01FE0C0F-D6DB-4793-8F32-435B60F3D477}.Debug|x64.ActiveCfg = Debug|x64
		{01FE0C0F-D6DB-4793-8F32-435B60F3D477}.Debug|x64.Build.0 = Debug|x64
		{01FE0C0F-D6DB-4793-8F32-435B60F3D477}.Debug|x86.ActiveCfg = Debug|Win32
		{01FE0C0F-D6DB-4793-8F32-435B60F3D477}.Debug|x86.Build.0 = Debug|Win32
		{01FE0C0F-D6DB-4793-8F32-435B60F3D477}.Release|x64.ActiveCfg = Release|x64
		{01FE0C0F-D6DB-4793-8F32-435B60F3D477}.Release|x64.Build.0 = Release|x64
		{01FE0C0F-D6DB-4793-8F32-435B60F3D477}.Release|x86.ActiveCfg = Release|Win32
		{01FE0C0F-D6DB-4793-8F32-435B60F3D477}.Release|x86.Build.0 = Release|Win32
	EndGlobalSection
	GlobalSection(SolutionProperties) = preSolution
		HideSolutionNode = FALSE
	EndGlobalSection
	GlobalSection(ExtensibilityGlobals) = postSolution
		SolutionGuid = {DAC1F76A-5463-4CDF-A372-FFD369A2E279}
	EndGlobalSection
EndGlobal
