<?xml version="1.0" encoding="utf-8"?>
<Project ToolsVersion="4.0" xmlns="http://schemas.microsoft.com/developer/msbuild/2003">
  <ItemGroup>
    <Filter Include="소스 파일">
      <UniqueIdentifier>{4FC737F1-C7A5-4376-A066-2A32D752A2FF}</UniqueIdentifier>
      <Extensions>cpp;c;cc;cxx;c++;cppm;ixx;def;odl;idl;hpj;bat;asm;asmx</Extensions>
    </Filter>
    <Filter Include="헤더 파일">
      <UniqueIdentifier>{93995380-89BD-4b04-88EB-625FBE52EBFB}</UniqueIdentifier>
      <Extensions>h;hh;hpp;hxx;h++;hm;inl;inc;ipp;xsd</Extensions>
    </Filter>
    <Filter Include="리소스 파일">
      <UniqueIdentifier>{67DA6AB6-F800-4c08-8B7A-83BB121AAD01}</UniqueIdentifier>
      <Extensions>rc;ico;cur;bmp;dlg;rc2;rct;bin;rgs;gif;jpg;jpeg;jpe;resx;tiff;tif;png;wav;mfcribbon-ms</Extensions>
    </Filter>
    <Filter Include="소스 파일\player">
      <UniqueIdentifier>{e4450544-c4a8-47d6-b6d9-9fbb7ac765ad}</UniqueIdentifier>
    </Filter>
    <Filter Include="헤더 파일\player">
      <UniqueIdentifier>{babeea17-3cd6-4c0f-846d-8e688a05551f}</UniqueIdentifier>
    </Filter>
    <Filter Include="소스 파일\utility">
      <UniqueIdentifier>{02998c3b-b0e5-411a-bad5-746c0cf5aa2c}</UniqueIdentifier>
    </Filter>
    <Filter Include="헤더 파일\utility">
      <UniqueIdentifier>{5a938e73-f890-4b90-a041-343479cefb5d}</UniqueIdentifier>
    </Filter>
    <Filter Include="헤더 파일\dice">
      <UniqueIdentifier>{bbd569dc-87b5-47e8-98da-48c5c00d38d5}</UniqueIdentifier>
    </Filter>
    <Filter Include="소스 파일\dice">
      <UniqueIdentifier>{fa432f8d-a6bf-4fba-97ea-74e0c2a14958}</UniqueIdentifier>
    </Filter>
    <Filter Include="소스 파일\game">
      <UniqueIdentifier>{3d20acb6-ee82-485d-98c0-237282d0950d}</UniqueIdentifier>
    </Filter>
    <Filter Include="헤더 파일\game">
      <UniqueIdentifier>{8b7ec1af-96f1-41b8-9fb4-d4a5fa63baa5}</UniqueIdentifier>
    </Filter>
  </ItemGroup>
  <ItemGroup>
    <ClCompile Include="main.c">
      <Filter>소스 파일</Filter>
    </ClCompile>
    <ClCompile Include="player.c">
      <Filter>소스 파일\player</Filter>
    </ClCompile>
    <ClCompile Include="random.c">
      <Filter>소스 파일\utility</Filter>
    </ClCompile>
    <ClCompile Include="dice.c">
      <Filter>소스 파일\dice</Filter>
    </ClCompile>
    <ClCompile Include="game.c">
      <Filter>소스 파일\game</Filter>
    </ClCompile>
    <ClCompile Include="common.c">
      <Filter>소스 파일\utility</Filter>
    </ClCompile>
  </ItemGroup>
  <ItemGroup>
    <ClInclude Include="player.h">
      <Filter>헤더 파일\player</Filter>
    </ClInclude>
    <ClInclude Include="random.h">
      <Filter>헤더 파일\utility</Filter>
    </ClInclude>
    <ClInclude Include="dice.h">
      <Filter>헤더 파일\dice</Filter>
    </ClInclude>
    <ClInclude Include="game.h">
      <Filter>헤더 파일\game</Filter>
    </ClInclude>
    <ClInclude Include="common.h">
      <Filter>헤더 파일\utility</Filter>
    </ClInclude>
  </ItemGroup>
</Project>