<?xml version="1.0" encoding="utf-8"?>
<Project ToolsVersion="4.0" xmlns="http://schemas.microsoft.com/developer/msbuild/2003">
  <ItemGroup>
    <Filter Include="소스 파일">
      <UniqueIdentifier>{4FC737F1-C7A5-4376-A066-2A32D752A2FF}</UniqueIdentifier>
      <Extensions>cpp;c;cc;cxx;c++;cppm;ixx;def;odl;idl;hpj;bat;asm;asmx</Extensions>
    </Filter>
    <Filter Include="헤더 파일">
      <UniqueIdentifier>{93995380-89BD-4b04-88EB-625FBE52EBFB}</UniqueIdentifier>
      <Extensions>h;hh;hpp;hxx;h++;hm;inl;inc;ipp;xsd</Extensions>
    </Filter>
    <Filter Include="리소스 파일">
      <UniqueIdentifier>{67DA6AB6-F800-4c08-8B7A-83BB121AAD01}</UniqueIdentifier>
      <Extensions>rc;ico;cur;bmp;dlg;rc2;rct;bin;rgs;gif;jpg;jpeg;jpe;resx;tiff;tif;png;wav;mfcribbon-ms</Extensions>
    </Filter>
    <Filter Include="소스 파일\game">
      <UniqueIdentifier>{ccf1ba7f-3f87-4efa-87d1-e6d4c853140a}</UniqueIdentifier>
    </Filter>
    <Filter Include="헤더 파일\game">
      <UniqueIdentifier>{321b7e6e-a9c0-4823-be57-2415cc662b80}</UniqueIdentifier>
    </Filter>
    <Filter Include="소스 파일\game\player">
      <UniqueIdentifier>{524cfb2b-ab24-4e08-b11a-dc01eb7a867c}</UniqueIdentifier>
    </Filter>
    <Filter Include="헤더 파일\game\player">
      <UniqueIdentifier>{5d1c262d-e5db-4fb2-9d61-318888f74828}</UniqueIdentifier>
    </Filter>
    <Filter Include="헤더 파일\utility">
      <UniqueIdentifier>{d5ea4541-d8a3-4f21-9b36-736877706a04}</UniqueIdentifier>
    </Filter>
    <Filter Include="소스 파일\utility">
      <UniqueIdentifier>{d612264e-bc04-4d34-8df6-ade8f9143b4d}</UniqueIdentifier>
    </Filter>
    <Filter Include="소스 파일\game\dice">
      <UniqueIdentifier>{a98af05e-3ccd-4c51-96f3-3427f90f48c9}</UniqueIdentifier>
    </Filter>
    <Filter Include="헤더 파일\game\dice">
      <UniqueIdentifier>{a7a1866e-fde2-41db-9d9f-17fc06f4a379}</UniqueIdentifier>
    </Filter>
  </ItemGroup>
  <ItemGroup>
    <ClCompile Include="main.c">
      <Filter>소스 파일</Filter>
    </ClCompile>
    <ClCompile Include="dice.c">
      <Filter>소스 파일\game\dice</Filter>
    </ClCompile>
    <ClCompile Include="player.c">
      <Filter>소스 파일\game\player</Filter>
    </ClCompile>
    <ClCompile Include="random.c">
      <Filter>소스 파일\utility</Filter>
    </ClCompile>
    <ClCompile Include="game.c">
      <Filter>소스 파일\game</Filter>
    </ClCompile>
    <ClCompile Include="common.c">
      <Filter>소스 파일</Filter>
    </ClCompile>
  </ItemGroup>
  <ItemGroup>
    <ClInclude Include="player.h">
      <Filter>헤더 파일\game\player</Filter>
    </ClInclude>
    <ClInclude Include="random.h">
      <Filter>헤더 파일\utility</Filter>
    </ClInclude>
    <ClInclude Include="dice.h">
      <Filter>헤더 파일\game\dice</Filter>
    </ClInclude>
    <ClInclude Include="game.h">
      <Filter>헤더 파일\game</Filter>
    </ClInclude>
    <ClInclude Include="common.h">
      <Filter>헤더 파일\utility</Filter>
    </ClInclude>
  </ItemGroup>
</Project>