<?xml version="1.0" encoding="utf-8"?>
<Project ToolsVersion="4.0" xmlns="http://schemas.microsoft.com/developer/msbuild/2003">
  <ItemGroup>
    <Filter Include="소스 파일">
      <UniqueIdentifier>{4FC737F1-C7A5-4376-A066-2A32D752A2FF}</UniqueIdentifier>
      <Extensions>cpp;c;cc;cxx;c++;cppm;ixx;def;odl;idl;hpj;bat;asm;asmx</Extensions>
    </Filter>
    <Filter Include="헤더 파일">
      <UniqueIdentifier>{93995380-89BD-4b04-88EB-625FBE52EBFB}</UniqueIdentifier>
      <Extensions>h;hh;hpp;hxx;h++;hm;inl;inc;ipp;xsd</Extensions>
    </Filter>
    <Filter Include="리소스 파일">
      <UniqueIdentifier>{67DA6AB6-F800-4c08-8B7A-83BB121AAD01}</UniqueIdentifier>
      <Extensions>rc;ico;cur;bmp;dlg;rc2;rct;bin;rgs;gif;jpg;jpeg;jpe;resx;tiff;tif;png;wav;mfcribbon-ms</Extensions>
    </Filter>
    <Filter Include="소스 파일\game">
      <UniqueIdentifier>{25cf290d-3762-471a-9e93-648093a4f384}</UniqueIdentifier>
    </Filter>
    <Filter Include="소스 파일\game\dice">
      <UniqueIdentifier>{bbec8299-d92d-40f2-95d5-2b51277eab01}</UniqueIdentifier>
    </Filter>
    <Filter Include="헤더 파일\game">
      <UniqueIdentifier>{09410d73-2077-4453-8d3b-0f2d571a9cfe}</UniqueIdentifier>
    </Filter>
    <Filter Include="헤더 파일\game\dice">
      <UniqueIdentifier>{550389a8-c68d-4916-b2f0-69c16da042df}</UniqueIdentifier>
    </Filter>
    <Filter Include="소스 파일\utility">
      <UniqueIdentifier>{fc0b844f-8d98-472f-a2e5-f6262dbaa737}</UniqueIdentifier>
    </Filter>
    <Filter Include="헤더 파일\utility">
      <UniqueIdentifier>{aa8ccb1c-e984-422c-928f-5f5fc71964ff}</UniqueIdentifier>
    </Filter>
    <Filter Include="소스 파일\game\player">
      <UniqueIdentifier>{46c76e96-8808-45cb-a76d-797dec7fa0bf}</UniqueIdentifier>
    </Filter>
    <Filter Include="헤더 파일\game\player">
      <UniqueIdentifier>{b8a848c7-3cb9-4e62-8058-7ef8474c0361}</UniqueIdentifier>
    </Filter>
    <Filter Include="소스 파일\game\winner">
      <UniqueIdentifier>{2cfdb323-b096-41ae-b81b-d0f9f3e7b39f}</UniqueIdentifier>
    </Filter>
    <Filter Include="헤더 파일\game\winner">
      <UniqueIdentifier>{aa7701ae-ef43-44c2-8468-52bde601116a}</UniqueIdentifier>
    </Filter>
  </ItemGroup>
  <ItemGroup>
    <ClCompile Include="main.c">
      <Filter>소스 파일</Filter>
    </ClCompile>
    <ClCompile Include="player.c">
      <Filter>소스 파일\game\player</Filter>
    </ClCompile>
    <ClCompile Include="dice_game.c">
      <Filter>소스 파일\game\dice</Filter>
    </ClCompile>
    <ClCompile Include="random_generator.c">
      <Filter>소스 파일\utility</Filter>
    </ClCompile>
    <ClCompile Include="win.c">
      <Filter>소스 파일\game\winner</Filter>
    </ClCompile>
  </ItemGroup>
  <ItemGroup>
    <ClInclude Include="player.h">
      <Filter>헤더 파일\game\player</Filter>
    </ClInclude>
    <ClInclude Include="dice_game.h">
      <Filter>헤더 파일\game\dice</Filter>
    </ClInclude>
    <ClInclude Include="random_generator.h">
      <Filter>헤더 파일\utility</Filter>
    </ClInclude>
  </ItemGroup>
  <ItemGroup>
    <None Include="win.h">
      <Filter>헤더 파일\game\winner</Filter>
    </None>
  </ItemGroup>
</Project>