
Microsoft Visual Studio Solution File, Format Version 12.00
# Visual Studio Version 17
VisualStudioVersion = 17.7.34221.43
MinimumVisualStudioVersion = 10.0.40219.1
Project("{8BC9CEB8-8B4A-11D0-8D11-00A0C91BC942}") = "fifth", "fifth\fifth.vcxproj", "{1162D2E2-2453-485C-85BA-8D935C40C0FD}"
EndProject
Global
	GlobalSection(SolutionConfigurationPlatforms) = preSolution
		Debug|x64 = Debug|x64
		Debug|x86 = Debug|x86
		Release|x64 = Release|x64
		Release|x86 = Release|x86
	EndGlobalSection
	GlobalSection(ProjectConfigurationPlatforms) = postSolution
		{1162D2E2-2453-485C-85BA-8D935C40C0FD}.Debug|x64.ActiveCfg = Debug|x64
		{1162D2E2-2453-485C-85BA-8D935C40C0FD}.Debug|x64.Build.0 = Debug|x64
		{1162D2E2-2453-485C-85BA-8D935C40C0FD}.Debug|x86.ActiveCfg = Debug|Win32
		{1162D2E2-2453-485C-85BA-8D935C40C0FD}.Debug|x86.Build.0 = Debug|Win32
		{1162D2E2-2453-485C-85BA-8D935C40C0FD}.Release|x64.ActiveCfg = Release|x64
		{1162D2E2-2453-485C-85BA-8D935C40C0FD}.Release|x64.Build.0 = Release|x64
		{1162D2E2-2453-485C-85BA-8D935C40C0FD}.Release|x86.ActiveCfg = Release|Win32
		{1162D2E2-2453-485C-85BA-8D935C40C0FD}.Release|x86.Build.0 = Release|Win32
	EndGlobalSection
	GlobalSection(SolutionProperties) = preSolution
		HideSolutionNode = FALSE
	EndGlobalSection
	GlobalSection(ExtensibilityGlobals) = postSolution
		SolutionGuid = {6EF7C40C-DBEB-4450-9489-05D87C255EAD}
	EndGlobalSection
EndGlobal
