<?xml version="1.0" encoding="utf-8"?>
<Project ToolsVersion="4.0" xmlns="http://schemas.microsoft.com/developer/msbuild/2003">
  <ItemGroup>
    <Filter Include="소스 파일">
      <UniqueIdentifier>{4FC737F1-C7A5-4376-A066-2A32D752A2FF}</UniqueIdentifier>
      <Extensions>cpp;c;cc;cxx;c++;cppm;ixx;def;odl;idl;hpj;bat;asm;asmx</Extensions>
    </Filter>
    <Filter Include="헤더 파일">
      <UniqueIdentifier>{93995380-89BD-4b04-88EB-625FBE52EBFB}</UniqueIdentifier>
      <Extensions>h;hh;hpp;hxx;h++;hm;inl;inc;ipp;xsd</Extensions>
    </Filter>
    <Filter Include="리소스 파일">
      <UniqueIdentifier>{67DA6AB6-F800-4c08-8B7A-83BB121AAD01}</UniqueIdentifier>
      <Extensions>rc;ico;cur;bmp;dlg;rc2;rct;bin;rgs;gif;jpg;jpeg;jpe;resx;tiff;tif;png;wav;mfcribbon-ms</Extensions>
    </Filter>
    <Filter Include="소스 파일\dice">
      <UniqueIdentifier>{4a3b55ef-904b-4fa3-bec1-248f2155e768}</UniqueIdentifier>
    </Filter>
    <Filter Include="헤더 파일\dice">
      <UniqueIdentifier>{3eabd30b-419b-4f1b-90a9-8fb15dd35c21}</UniqueIdentifier>
    </Filter>
    <Filter Include="헤더 파일\player">
      <UniqueIdentifier>{f32769be-48db-4013-9ebe-72b4c0ced0c8}</UniqueIdentifier>
    </Filter>
    <Filter Include="헤더 파일\utility.h">
      <UniqueIdentifier>{4cf5ed2a-8b25-4d58-9e00-fdea7fc4fcbe}</UniqueIdentifier>
    </Filter>
    <Filter Include="소스 파일\utility">
      <UniqueIdentifier>{54b36a34-b42f-4cb9-b0fa-b54292ed88fa}</UniqueIdentifier>
    </Filter>
    <Filter Include="소스 파일\player">
      <UniqueIdentifier>{481be5c7-083f-428b-9f55-28138df3b734}</UniqueIdentifier>
    </Filter>
  </ItemGroup>
  <ItemGroup>
    <ClCompile Include="main.c">
      <Filter>소스 파일</Filter>
    </ClCompile>
    <ClCompile Include="print_random.c">
      <Filter>소스 파일</Filter>
    </ClCompile>
    <ClCompile Include="random_generator.c">
      <Filter>소스 파일\utility</Filter>
    </ClCompile>
    <ClCompile Include="player.c">
      <Filter>소스 파일\player</Filter>
    </ClCompile>
    <ClCompile Include="dice_game.c">
      <Filter>소스 파일\dice</Filter>
    </ClCompile>
  </ItemGroup>
  <ItemGroup>
    <ClInclude Include="dice_game.h">
      <Filter>헤더 파일\dice</Filter>
    </ClInclude>
    <ClInclude Include="player.h">
      <Filter>헤더 파일\player</Filter>
    </ClInclude>
    <ClInclude Include="random_generator.h">
      <Filter>헤더 파일\utility.h</Filter>
    </ClInclude>
    <ClInclude Include="print_random.h">
      <Filter>헤더 파일</Filter>
    </ClInclude>
  </ItemGroup>
</Project>