<?xml version="1.0" encoding="utf-8"?>
<Project ToolsVersion="4.0" xmlns="http://schemas.microsoft.com/developer/msbuild/2003">
  <ItemGroup>
    <Filter Include="소스 파일">
      <UniqueIdentifier>{4FC737F1-C7A5-4376-A066-2A32D752A2FF}</UniqueIdentifier>
      <Extensions>cpp;c;cc;cxx;c++;cppm;ixx;def;odl;idl;hpj;bat;asm;asmx</Extensions>
    </Filter>
    <Filter Include="헤더 파일">
      <UniqueIdentifier>{93995380-89BD-4b04-88EB-625FBE52EBFB}</UniqueIdentifier>
      <Extensions>h;hh;hpp;hxx;h++;hm;inl;inc;ipp;xsd</Extensions>
    </Filter>
    <Filter Include="리소스 파일">
      <UniqueIdentifier>{67DA6AB6-F800-4c08-8B7A-83BB121AAD01}</UniqueIdentifier>
      <Extensions>rc;ico;cur;bmp;dlg;rc2;rct;bin;rgs;gif;jpg;jpeg;jpe;resx;tiff;tif;png;wav;mfcribbon-ms</Extensions>
    </Filter>
    <Filter Include="소스 파일\player">
      <UniqueIdentifier>{63d753e1-fe06-4579-b161-35ac9a1462cc}</UniqueIdentifier>
    </Filter>
    <Filter Include="헤더 파일\player">
      <UniqueIdentifier>{a85e6d0c-b8fb-4685-a6b8-58d744552159}</UniqueIdentifier>
    </Filter>
    <Filter Include="소스 파일\utility">
      <UniqueIdentifier>{90c6ec12-0e0d-4dc4-9b42-416e3694e6ec}</UniqueIdentifier>
    </Filter>
    <Filter Include="헤더 파일\utility">
      <UniqueIdentifier>{9c112c48-7c83-4418-adf3-848109925491}</UniqueIdentifier>
    </Filter>
    <Filter Include="헤더 파일\dice">
      <UniqueIdentifier>{d9422f69-503b-4cdc-8d1e-d614d21eea39}</UniqueIdentifier>
    </Filter>
    <Filter Include="소스 파일\dice">
      <UniqueIdentifier>{7af1309c-0e31-40e9-82e1-815f7ba331fd}</UniqueIdentifier>
    </Filter>
    <Filter Include="소스 파일\game">
      <UniqueIdentifier>{9be399fc-cc42-49cd-80cc-0dd5828fca14}</UniqueIdentifier>
    </Filter>
    <Filter Include="헤더 파일\game">
      <UniqueIdentifier>{7060f6f4-dd1f-4728-9a0e-dab48b0334fb}</UniqueIdentifier>
    </Filter>
  </ItemGroup>
  <ItemGroup>
    <ClCompile Include="main.c">
      <Filter>소스 파일</Filter>
    </ClCompile>
    <ClCompile Include="player.c">
      <Filter>소스 파일\player</Filter>
    </ClCompile>
    <ClCompile Include="random.c">
      <Filter>소스 파일\utility</Filter>
    </ClCompile>
    <ClCompile Include="dice.c">
      <Filter>소스 파일\dice</Filter>
    </ClCompile>
    <ClCompile Include="game.c">
      <Filter>소스 파일\game</Filter>
    </ClCompile>
    <ClCompile Include="common.c">
      <Filter>소스 파일\utility</Filter>
    </ClCompile>
  </ItemGroup>
  <ItemGroup>
    <ClInclude Include="player.h">
      <Filter>헤더 파일\player</Filter>
    </ClInclude>
    <ClInclude Include="random.h">
      <Filter>헤더 파일\utility</Filter>
    </ClInclude>
    <ClInclude Include="dice.h">
      <Filter>헤더 파일\dice</Filter>
    </ClInclude>
    <ClInclude Include="game.h">
      <Filter>헤더 파일\game</Filter>
    </ClInclude>
    <ClInclude Include="common.h">
      <Filter>헤더 파일\utility</Filter>
    </ClInclude>
  </ItemGroup>
</Project>