<?xml version="1.0" encoding="utf-8"?>
<Project ToolsVersion="4.0" xmlns="http://schemas.microsoft.com/developer/msbuild/2003">
  <ItemGroup>
    <Filter Include="소스 파일">
      <UniqueIdentifier>{4FC737F1-C7A5-4376-A066-2A32D752A2FF}</UniqueIdentifier>
      <Extensions>cpp;c;cc;cxx;c++;cppm;ixx;def;odl;idl;hpj;bat;asm;asmx</Extensions>
    </Filter>
    <Filter Include="헤더 파일">
      <UniqueIdentifier>{93995380-89BD-4b04-88EB-625FBE52EBFB}</UniqueIdentifier>
      <Extensions>h;hh;hpp;hxx;h++;hm;inl;inc;ipp;xsd</Extensions>
    </Filter>
    <Filter Include="리소스 파일">
      <UniqueIdentifier>{67DA6AB6-F800-4c08-8B7A-83BB121AAD01}</UniqueIdentifier>
      <Extensions>rc;ico;cur;bmp;dlg;rc2;rct;bin;rgs;gif;jpg;jpeg;jpe;resx;tiff;tif;png;wav;mfcribbon-ms</Extensions>
    </Filter>
    <Filter Include="소스 파일\game">
      <UniqueIdentifier>{8d351124-d631-4241-8490-6e96e81a359a}</UniqueIdentifier>
    </Filter>
    <Filter Include="소스 파일\game\dice">
      <UniqueIdentifier>{e848e56a-c216-4f24-b339-8d8d63f942c4}</UniqueIdentifier>
    </Filter>
    <Filter Include="소스 파일\game\player">
      <UniqueIdentifier>{97864443-c8e7-45aa-b7a1-8aeb40a0a91d}</UniqueIdentifier>
    </Filter>
    <Filter Include="헤더 파일\game">
      <UniqueIdentifier>{6e7e4413-f576-4df9-b513-94359e272c70}</UniqueIdentifier>
    </Filter>
    <Filter Include="헤더 파일\game\player">
      <UniqueIdentifier>{40f65bac-46d7-4baf-a10d-7310d4c03a49}</UniqueIdentifier>
    </Filter>
    <Filter Include="헤더 파일\game\dice">
      <UniqueIdentifier>{5b038419-7215-4ac7-b4f7-ab1fd23b599e}</UniqueIdentifier>
    </Filter>
    <Filter Include="소스 파일\utility">
      <UniqueIdentifier>{18dc716b-f745-494e-8a6d-378f156f0bd5}</UniqueIdentifier>
    </Filter>
    <Filter Include="헤더 파일\utility">
      <UniqueIdentifier>{c6a2a66b-fa6a-4625-a19f-5c7a9a482010}</UniqueIdentifier>
    </Filter>
    <Filter Include="소스 파일\game\winner">
      <UniqueIdentifier>{d1fb17ae-1b82-41c9-a015-d92d1603ff3c}</UniqueIdentifier>
    </Filter>
    <Filter Include="헤더 파일\game\winner">
      <UniqueIdentifier>{ca39fc93-4861-45aa-8185-2015e577ea14}</UniqueIdentifier>
    </Filter>
    <Filter Include="소스 파일\malloc_test">
      <UniqueIdentifier>{86ec5e78-8b6b-49c7-b45d-f5e9e8b3be5c}</UniqueIdentifier>
    </Filter>
    <Filter Include="헤더 파일\malloc_test">
      <UniqueIdentifier>{5cc4ec17-e6f9-4191-aa9a-eab3698556b7}</UniqueIdentifier>
    </Filter>
  </ItemGroup>
  <ItemGroup>
    <ClCompile Include="main.c">
      <Filter>소스 파일</Filter>
    </ClCompile>
    <ClCompile Include="player.c">
      <Filter>소스 파일\game\player</Filter>
    </ClCompile>
    <ClCompile Include="dice_game.c">
      <Filter>소스 파일\game\dice</Filter>
    </ClCompile>
    <ClCompile Include="random_generator.c">
      <Filter>소스 파일\utility</Filter>
    </ClCompile>
    <ClCompile Include="win.c">
      <Filter>소스 파일\game\winner</Filter>
    </ClCompile>
    <ClCompile Include="malloc_test.c">
      <Filter>소스 파일\malloc_test</Filter>
    </ClCompile>
  </ItemGroup>
  <ItemGroup>
    <ClInclude Include="player.h">
      <Filter>헤더 파일\game\player</Filter>
    </ClInclude>
    <ClInclude Include="dice_game.h">
      <Filter>헤더 파일\game\dice</Filter>
    </ClInclude>
    <ClInclude Include="random_generator.h">
      <Filter>헤더 파일\utility</Filter>
    </ClInclude>
    <ClInclude Include="win.h">
      <Filter>헤더 파일\game\winner</Filter>
    </ClInclude>
    <ClInclude Include="malloc_test.h">
      <Filter>헤더 파일\malloc_test</Filter>
    </ClInclude>
  </ItemGroup>
</Project>