
Microsoft Visual Studio Solution File, Format Version 12.00
# Visual Studio Version 17
VisualStudioVersion = 17.7.34221.43
MinimumVisualStudioVersion = 10.0.40219.1
Project("{8BC9CEB8-8B4A-11D0-8D11-00A0C91BC942}") = "fourth_day", "fourth_day\fourth_day.vcxproj", "{245BF947-35ED-48A2-8EB8-5B601D7F9F44}"
EndProject
Global
	GlobalSection(SolutionConfigurationPlatforms) = preSolution
		Debug|x64 = Debug|x64
		Debug|x86 = Debug|x86
		Release|x64 = Release|x64
		Release|x86 = Release|x86
	EndGlobalSection
	GlobalSection(ProjectConfigurationPlatforms) = postSolution
		{245BF947-35ED-48A2-8EB8-5B601D7F9F44}.Debug|x64.ActiveCfg = Debug|x64
		{245BF947-35ED-48A2-8EB8-5B601D7F9F44}.Debug|x64.Build.0 = Debug|x64
		{245BF947-35ED-48A2-8EB8-5B601D7F9F44}.Debug|x86.ActiveCfg = Debug|Win32
		{245BF947-35ED-48A2-8EB8-5B601D7F9F44}.Debug|x86.Build.0 = Debug|Win32
		{245BF947-35ED-48A2-8EB8-5B601D7F9F44}.Release|x64.ActiveCfg = Release|x64
		{245BF947-35ED-48A2-8EB8-5B601D7F9F44}.Release|x64.Build.0 = Release|x64
		{245BF947-35ED-48A2-8EB8-5B601D7F9F44}.Release|x86.ActiveCfg = Release|Win32
		{245BF947-35ED-48A2-8EB8-5B601D7F9F44}.Release|x86.Build.0 = Release|Win32
	EndGlobalSection
	GlobalSection(SolutionProperties) = preSolution
		HideSolutionNode = FALSE
	EndGlobalSection
	GlobalSection(ExtensibilityGlobals) = postSolution
		SolutionGuid = {E206A4A2-FA56-490D-BD9E-307A4602CB0E}
	EndGlobalSection
EndGlobal
