
Microsoft Visual Studio Solution File, Format Version 12.00
# Visual Studio Version 17
VisualStudioVersion = 17.7.34221.43
MinimumVisualStudioVersion = 10.0.40219.1
Project("{8BC9CEB8-8B4A-11D0-8D11-00A0C91BC942}") = "third", "third\third.vcxproj", "{DCDF5CBA-58A2-44A0-A323-17090FF91877}"
EndProject
Global
	GlobalSection(SolutionConfigurationPlatforms) = preSolution
		Debug|x64 = Debug|x64
		Debug|x86 = Debug|x86
		Release|x64 = Release|x64
		Release|x86 = Release|x86
	EndGlobalSection
	GlobalSection(ProjectConfigurationPlatforms) = postSolution
		{DCDF5CBA-58A2-44A0-A323-17090FF91877}.Debug|x64.ActiveCfg = Debug|x64
		{DCDF5CBA-58A2-44A0-A323-17090FF91877}.Debug|x64.Build.0 = Debug|x64
		{DCDF5CBA-58A2-44A0-A323-17090FF91877}.Debug|x86.ActiveCfg = Debug|Win32
		{DCDF5CBA-58A2-44A0-A323-17090FF91877}.Debug|x86.Build.0 = Debug|Win32
		{DCDF5CBA-58A2-44A0-A323-17090FF91877}.Release|x64.ActiveCfg = Release|x64
		{DCDF5CBA-58A2-44A0-A323-17090FF91877}.Release|x64.Build.0 = Release|x64
		{DCDF5CBA-58A2-44A0-A323-17090FF91877}.Release|x86.ActiveCfg = Release|Win32
		{DCDF5CBA-58A2-44A0-A323-17090FF91877}.Release|x86.Build.0 = Release|Win32
	EndGlobalSection
	GlobalSection(SolutionProperties) = preSolution
		HideSolutionNode = FALSE
	EndGlobalSection
	GlobalSection(ExtensibilityGlobals) = postSolution
		SolutionGuid = {AB66E224-6107-4690-A55C-A3E8505E8C6A}
	EndGlobalSection
EndGlobal
