<?xml version="1.0" encoding="utf-8"?>
<Project ToolsVersion="4.0" xmlns="http://schemas.microsoft.com/developer/msbuild/2003">
  <ItemGroup>
    <Filter Include="소스 파일">
      <UniqueIdentifier>{4FC737F1-C7A5-4376-A066-2A32D752A2FF}</UniqueIdentifier>
      <Extensions>cpp;c;cc;cxx;c++;cppm;ixx;def;odl;idl;hpj;bat;asm;asmx</Extensions>
    </Filter>
    <Filter Include="헤더 파일">
      <UniqueIdentifier>{93995380-89BD-4b04-88EB-625FBE52EBFB}</UniqueIdentifier>
      <Extensions>h;hh;hpp;hxx;h++;hm;inl;inc;ipp;xsd</Extensions>
    </Filter>
    <Filter Include="리소스 파일">
      <UniqueIdentifier>{67DA6AB6-F800-4c08-8B7A-83BB121AAD01}</UniqueIdentifier>
      <Extensions>rc;ico;cur;bmp;dlg;rc2;rct;bin;rgs;gif;jpg;jpeg;jpe;resx;tiff;tif;png;wav;mfcribbon-ms</Extensions>
    </Filter>
    <Filter Include="소스 파일\game">
      <UniqueIdentifier>{37698018-f9a7-4037-83b6-b7caee831572}</UniqueIdentifier>
    </Filter>
    <Filter Include="소스 파일\game\player">
      <UniqueIdentifier>{ab1d1ae4-2c22-4c23-acc2-187910ef5dc2}</UniqueIdentifier>
    </Filter>
    <Filter Include="소스 파일\game\dice">
      <UniqueIdentifier>{8f4b261f-288b-43c0-bbae-1164f7570813}</UniqueIdentifier>
    </Filter>
    <Filter Include="헤더 파일\game">
      <UniqueIdentifier>{8bb1ac79-4c94-4e20-b656-50c97af9c8f9}</UniqueIdentifier>
    </Filter>
    <Filter Include="헤더 파일\game\player">
      <UniqueIdentifier>{d9639468-0a39-4aa7-b3a0-73e624efdc73}</UniqueIdentifier>
    </Filter>
    <Filter Include="헤더 파일\game\dice">
      <UniqueIdentifier>{627be51c-3969-433f-8d9e-42385f9637ae}</UniqueIdentifier>
    </Filter>
    <Filter Include="소스 파일\utility">
      <UniqueIdentifier>{4bdcf1eb-430c-47d7-93cd-f2fdf038b2b3}</UniqueIdentifier>
    </Filter>
    <Filter Include="헤더 파일\utility">
      <UniqueIdentifier>{0e5a20ed-65d8-4031-8300-893e76f86313}</UniqueIdentifier>
    </Filter>
    <Filter Include="소스 파일\game\winner">
      <UniqueIdentifier>{816809c1-4325-4ad2-96b9-51f42d774266}</UniqueIdentifier>
    </Filter>
    <Filter Include="헤더 파일\game\winner">
      <UniqueIdentifier>{7a890d18-7c3d-4f0f-9c42-2cf82c3f0c35}</UniqueIdentifier>
    </Filter>
    <Filter Include="소스 파일\malloc_test">
      <UniqueIdentifier>{98947446-e7bb-4c8c-b948-6e13237ca49f}</UniqueIdentifier>
    </Filter>
    <Filter Include="헤더 파일\malloc_test">
      <UniqueIdentifier>{fb082df7-cb0e-48d0-a7d5-3abfa02b2370}</UniqueIdentifier>
    </Filter>
  </ItemGroup>
  <ItemGroup>
    <ClCompile Include="main.c">
      <Filter>소스 파일</Filter>
    </ClCompile>
    <ClCompile Include="player.c">
      <Filter>소스 파일\game\player</Filter>
    </ClCompile>
    <ClCompile Include="dice_game.c">
      <Filter>소스 파일\game\dice</Filter>
    </ClCompile>
    <ClCompile Include="random_generator.c">
      <Filter>소스 파일\utility</Filter>
    </ClCompile>
    <ClCompile Include="win.c">
      <Filter>소스 파일\game\winner</Filter>
    </ClCompile>
    <ClCompile Include="malloc.c">
      <Filter>소스 파일\malloc_test</Filter>
    </ClCompile>
  </ItemGroup>
  <ItemGroup>
    <ClInclude Include="player.h">
      <Filter>헤더 파일\game\player</Filter>
    </ClInclude>
    <ClInclude Include="dice_game.h">
      <Filter>헤더 파일\game\dice</Filter>
    </ClInclude>
    <ClInclude Include="random_generator.h">
      <Filter>헤더 파일\utility</Filter>
    </ClInclude>
    <ClInclude Include="win.h">
      <Filter>헤더 파일\game\winner</Filter>
    </ClInclude>
    <ClInclude Include="malloc.h">
      <Filter>헤더 파일\malloc_test</Filter>
    </ClInclude>
  </ItemGroup>
</Project>